<Solution>
  <Project Path="../BusinessObjects/BusinessObjects.csproj" />
  <Project Path="../DataAccessObjects/DataAccessLayer.csproj" />
  <Project Path="../Repositories/Repositories.csproj" />
  <Project Path="../Services/Services.csproj" />
  <Project Path="ProductManagement.csproj" />
</Solution>
